// !$*UTF8*$!
{
	archiveVersion = 1;
	classes = {
	};
	objectVersion = 56;
	objects = {

/* Begin PBXBuildFile section */
		3D9B6DFE2B98780D00C23AAD /* AppDelegate.swift in Sources */ = {isa = PBXBuildFile; fileRef = 3D9B6DFD2B98780D00C23AAD /* AppDelegate.swift */; };
		3D9B6E002B98780D00C23AAD /* SceneDelegate.swift in Sources */ = {isa = PBXBuildFile; fileRef = 3D9B6DFF2B98780D00C23AAD /* SceneDelegate.swift */; };
		3D9B6E022B98780D00C23AAD /* ViewController.swift in Sources */ = {isa = PBXBuildFile; fileRef = 3D9B6E012B98780D00C23AAD /* ViewController.swift */; };
		3D9B6E052B98780D00C23AAD /* Main.storyboard in Resources */ = {isa = PBXBuildFile; fileRef = 3D9B6E032B98780D00C23AAD /* Main.storyboard */; };
		3D9B6E072B98781100C23AAD /* Assets.xcassets in Resources */ = {isa = PBXBuildFile; fileRef = 3D9B6E062B98781100C23AAD /* Assets.xcassets */; };
		3D9B6E0A2B98781100C23AAD /* LaunchScreen.storyboard in Resources */ = {isa = PBXBuildFile; fileRef = 3D9B6E082B98781100C23AAD /* LaunchScreen.storyboard */; };
		3D9B6E122B98795000C23AAD /* Document.swift in Sources */ = {isa = PBXBuildFile; fileRef = 3D9B6E112B98795000C23AAD /* Document.swift */; };
		3D9B6E142B987A4F00C23AAD /* DocsListViewModel.swift in Sources */ = {isa = PBXBuildFile; fileRef = 3D9B6E132B987A4E00C23AAD /* DocsListViewModel.swift */; };
		3DBDEE072B98894F00C6A54D /* Request.swift in Sources */ = {isa = PBXBuildFile; fileRef = 3DBDEE062B98894F00C6A54D /* Request.swift */; };
		3DBDEE0A2B9889B400C6A54D /* RequestError.swift in Sources */ = {isa = PBXBuildFile; fileRef = 3DBDEE092B9889B400C6A54D /* RequestError.swift */; };
		3DBDEE0D2B9893AB00C6A54D /* Starter.swift in Sources */ = {isa = PBXBuildFile; fileRef = 3DBDEE0C2B9893AB00C6A54D /* Starter.swift */; };
/* End PBXBuildFile section */

/* Begin PBXFileReference section */
		3D9B6DFA2B98780D00C23AAD /* Dummy.app */ = {isa = PBXFileReference; explicitFileType = wrapper.application; includeInIndex = 0; path = Dummy.app; sourceTree = BUILT_PRODUCTS_DIR; };
		3D9B6DFD2B98780D00C23AAD /* AppDelegate.swift */ = {isa = PBXFileReference; lastKnownFileType = sourcecode.swift; path = AppDelegate.swift; sourceTree = "<group>"; };
		3D9B6DFF2B98780D00C23AAD /* SceneDelegate.swift */ = {isa = PBXFileReference; lastKnownFileType = sourcecode.swift; path = SceneDelegate.swift; sourceTree = "<group>"; };
		3D9B6E012B98780D00C23AAD /* ViewController.swift */ = {isa = PBXFileReference; lastKnownFileType = sourcecode.swift; path = ViewController.swift; sourceTree = "<group>"; };
		3D9B6E042B98780D00C23AAD /* Base */ = {isa = PBXFileReference; lastKnownFileType = file.storyboard; name = Base; path = Base.lproj/Main.storyboard; sourceTree = "<group>"; };
		3D9B6E062B98781100C23AAD /* Assets.xcassets */ = {isa = PBXFileReference; lastKnownFileType = folder.assetcatalog; path = Assets.xcassets; sourceTree = "<group>"; };
		3D9B6E092B98781100C23AAD /* Base */ = {isa = PBXFileReference; lastKnownFileType = file.storyboard; name = Base; path = Base.lproj/LaunchScreen.storyboard; sourceTree = "<group>"; };
		3D9B6E0B2B98781100C23AAD /* Info.plist */ = {isa = PBXFileReference; lastKnownFileType = text.plist.xml; path = Info.plist; sourceTree = "<group>"; };
		3D9B6E112B98795000C23AAD /* Document.swift */ = {isa = PBXFileReference; lastKnownFileType = sourcecode.swift; path = Document.swift; sourceTree = "<group>"; };
		3D9B6E132B987A4E00C23AAD /* DocsListViewModel.swift */ = {isa = PBXFileReference; lastKnownFileType = sourcecode.swift; path = DocsListViewModel.swift; sourceTree = "<group>"; };
		3DBDEE062B98894F00C6A54D /* Request.swift */ = {isa = PBXFileReference; lastKnownFileType = sourcecode.swift; path = Request.swift; sourceTree = "<group>"; };
		3DBDEE092B9889B400C6A54D /* RequestError.swift */ = {isa = PBXFileReference; lastKnownFileType = sourcecode.swift; path = RequestError.swift; sourceTree = "<group>"; };
		3DBDEE0C2B9893AB00C6A54D /* Starter.swift */ = {isa = PBXFileReference; lastKnownFileType = sourcecode.swift; path = Starter.swift; sourceTree = "<group>"; };
/* End PBXFileReference section */

/* Begin PBXFrameworksBuildPhase section */
		3D9B6DF72B98780D00C23AAD /* Frameworks */ = {
			isa = PBXFrameworksBuildPhase;
			buildActionMask = 2147483647;
			files = (
			);
			runOnlyForDeploymentPostprocessing = 0;
		};
/* End PBXFrameworksBuildPhase section */

/* Begin PBXGroup section */
		3D9B6DF12B98780D00C23AAD = {
			isa = PBXGroup;
			children = (
				3D9B6DFC2B98780D00C23AAD /* Dummy */,
				3D9B6DFB2B98780D00C23AAD /* Products */,
			);
			sourceTree = "<group>";
		};
		3D9B6DFB2B98780D00C23AAD /* Products */ = {
			isa = PBXGroup;
			children = (
				3D9B6DFA2B98780D00C23AAD /* Dummy.app */,
			);
			name = Products;
			sourceTree = "<group>";
		};
		3D9B6DFC2B98780D00C23AAD /* Dummy */ = {
			isa = PBXGroup;
			children = (
				3D9B6DFD2B98780D00C23AAD /* AppDelegate.swift */,
				3D9B6DFF2B98780D00C23AAD /* SceneDelegate.swift */,
				3DBDEE052B98874F00C6A54D /* Model */,
				3D9B6E132B987A4E00C23AAD /* DocsListViewModel.swift */,
				3DBDEE0B2B988FAF00C6A54D /* View */,
				3DBDEE082B98898900C6A54D /* Network */,
				3DBDEE0E2B9893BC00C6A54D /* Other */,
				3D9B6E032B98780D00C23AAD /* Main.storyboard */,
				3D9B6E062B98781100C23AAD /* Assets.xcassets */,
				3D9B6E082B98781100C23AAD /* LaunchScreen.storyboard */,
				3D9B6E0B2B98781100C23AAD /* Info.plist */,
			);
			path = Dummy;
			sourceTree = "<group>";
		};
		3DBDEE052B98874F00C6A54D /* Model */ = {
			isa = PBXGroup;
			children = (
				3D9B6E112B98795000C23AAD /* Document.swift */,
			);
			path = Model;
			sourceTree = "<group>";
		};
		3DBDEE082B98898900C6A54D /* Network */ = {
			isa = PBXGroup;
			children = (
				3DBDEE062B98894F00C6A54D /* Request.swift */,
				3DBDEE092B9889B400C6A54D /* RequestError.swift */,
			);
			path = Network;
			sourceTree = "<group>";
		};
		3DBDEE0B2B988FAF00C6A54D /* View */ = {
			isa = PBXGroup;
			children = (
				3D9B6E012B98780D00C23AAD /* ViewController.swift */,
			);
			name = View;
			sourceTree = "<group>";
		};
		3DBDEE0E2B9893BC00C6A54D /* Other */ = {
			isa = PBXGroup;
			children = (
				3DBDEE0C2B9893AB00C6A54D /* Starter.swift */,
			);
			name = Other;
			sourceTree = "<group>";
		};
/* End PBXGroup section */

/* Begin PBXNativeTarget section */
		3D9B6DF92B98780D00C23AAD /* Dummy */ = {
			isa = PBXNativeTarget;
			buildConfigurationList = 3D9B6E0E2B98781100C23AAD /* Build configuration list for PBXNativeTarget "Dummy" */;
			buildPhases = (
				3D9B6DF62B98780D00C23AAD /* Sources */,
				3D9B6DF72B98780D00C23AAD /* Frameworks */,
				3D9B6DF82B98780D00C23AAD /* Resources */,
			);
			buildRules = (
			);
			dependencies = (
			);
			name = Dummy;
			productName = Dummy;
			productReference = 3D9B6DFA2B98780D00C23AAD /* Dummy.app */;
			productType = "com.apple.product-type.application";
		};
/* End PBXNativeTarget section */

/* Begin PBXProject section */
		3D9B6DF22B98780D00C23AAD /* Project object */ = {
			isa = PBXProject;
			attributes = {
				BuildIndependentTargetsInParallel = 1;
				LastSwiftUpdateCheck = 1520;
				LastUpgradeCheck = 1520;
				TargetAttributes = {
					3D9B6DF92B98780D00C23AAD = {
						CreatedOnToolsVersion = 15.2;
					};
				};
			};
			buildConfigurationList = 3D9B6DF52B98780D00C23AAD /* Build configuration list for PBXProject "Dummy" */;
			compatibilityVersion = "Xcode 14.0";
			developmentRegion = en;
			hasScannedForEncodings = 0;
			knownRegions = (
				en,
				Base,
			);
			mainGroup = 3D9B6DF12B98780D00C23AAD;
			productRefGroup = 3D9B6DFB2B98780D00C23AAD /* Products */;
			projectDirPath = "";
			projectRoot = "";
			targets = (
				3D9B6DF92B98780D00C23AAD /* Dummy */,
			);
		};
/* End PBXProject section */

/* Begin PBXResourcesBuildPhase section */
		3D9B6DF82B98780D00C23AAD /* Resources */ = {
			isa = PBXResourcesBuildPhase;
			buildActionMask = 2147483647;
			files = (
				3D9B6E0A2B98781100C23AAD /* LaunchScreen.storyboard in Resources */,
				3D9B6E072B98781100C23AAD /* Assets.xcassets in Resources */,
				3D9B6E052B98780D00C23AAD /* Main.storyboard in Resources */,
			);
			runOnlyForDeploymentPostprocessing = 0;
		};
/* End PBXResourcesBuildPhase section */

/* Begin PBXSourcesBuildPhase section */
		3D9B6DF62B98780D00C23AAD /* Sources */ = {
			isa = PBXSourcesBuildPhase;
			buildActionMask = 2147483647;
			files = (
				3DBDEE0A2B9889B400C6A54D /* RequestError.swift in Sources */,
				3D9B6E022B98780D00C23AAD /* ViewController.swift in Sources */,
				3D9B6DFE2B98780D00C23AAD /* AppDelegate.swift in Sources */,
				3DBDEE072B98894F00C6A54D /* Request.swift in Sources */,
				3D9B6E142B987A4F00C23AAD /* DocsListViewModel.swift in Sources */,
				3DBDEE0D2B9893AB00C6A54D /* Starter.swift in Sources */,
				3D9B6E122B98795000C23AAD /* Document.swift in Sources */,
				3D9B6E002B98780D00C23AAD /* SceneDelegate.swift in Sources */,
			);
			runOnlyForDeploymentPostprocessing = 0;
		};
/* End PBXSourcesBuildPhase section */

/* Begin PBXVariantGroup section */
		3D9B6E032B98780D00C23AAD /* Main.storyboard */ = {
			isa = PBXVariantGroup;
			children = (
				3D9B6E042B98780D00C23AAD /* Base */,
			);
			name = Main.storyboard;
			sourceTree = "<group>";
		};
		3D9B6E082B98781100C23AAD /* LaunchScreen.storyboard */ = {
			isa = PBXVariantGroup;
			children = (
				3D9B6E092B98781100C23AAD /* Base */,
			);
			name = LaunchScreen.storyboard;
			sourceTree = "<group>";
		};
/* End PBXVariantGroup section */

/* Begin XCBuildConfiguration section */
		3D9B6E0C2B98781100C23AAD /* Debug */ = {
			isa = XCBuildConfiguration;
			buildSettings = {
				ALWAYS_SEARCH_USER_PATHS = NO;
				ASSETCATALOG_COMPILER_GENERATE_SWIFT_ASSET_SYMBOL_EXTENSIONS = YES;
				CLANG_ANALYZER_NONNULL = YES;
				CLANG_ANALYZER_NUMBER_OBJECT_CONVERSION = YES_AGGRESSIVE;
				CLANG_CXX_LANGUAGE_STANDARD = "gnu++20";
				CLANG_ENABLE_MODULES = YES;
				CLANG_ENABLE_OBJC_ARC = YES;
				CLANG_ENABLE_OBJC_WEAK = YES;
				CLANG_WARN_BLOCK_CAPTURE_AUTORELEASING = YES;
				CLANG_WARN_BOOL_CONVERSION = YES;
				CLANG_WARN_COMMA = YES;
				CLANG_WARN_CONSTANT_CONVERSION = YES;
				CLANG_WARN_DEPRECATED_OBJC_IMPLEMENTATIONS = YES;
				CLANG_WARN_DIRECT_OBJC_ISA_USAGE = YES_ERROR;
				CLANG_WARN_DOCUMENTATION_COMMENTS = YES;
				CLANG_WARN_EMPTY_BODY = YES;
				CLANG_WARN_ENUM_CONVERSION = YES;
				CLANG_WARN_INFINITE_RECURSION = YES;
				CLANG_WARN_INT_CONVERSION = YES;
				CLANG_WARN_NON_LITERAL_NULL_CONVERSION = YES;
				CLANG_WARN_OBJC_IMPLICIT_RETAIN_SELF = YES;
				CLANG_WARN_OBJC_LITERAL_CONVERSION = YES;
				CLANG_WARN_OBJC_ROOT_CLASS = YES_ERROR;
				CLANG_WARN_QUOTED_INCLUDE_IN_FRAMEWORK_HEADER = YES;
				CLANG_WARN_RANGE_LOOP_ANALYSIS = YES;
				CLANG_WARN_STRICT_PROTOTYPES = YES;
				CLANG_WARN_SUSPICIOUS_MOVE = YES;
				CLANG_WARN_UNGUARDED_AVAILABILITY = YES_AGGRESSIVE;
				CLANG_WARN_UNREACHABLE_CODE = YES;
				CLANG_WARN__DUPLICATE_METHOD_MATCH = YES;
				COPY_PHASE_STRIP = NO;
				DEBUG_INFORMATION_FORMAT = dwarf;
				ENABLE_STRICT_OBJC_MSGSEND = YES;
				ENABLE_TESTABILITY = YES;
				ENABLE_USER_SCRIPT_SANDBOXING = YES;
				GCC_C_LANGUAGE_STANDARD = gnu17;
				GCC_DYNAMIC_NO_PIC = NO;
				GCC_NO_COMMON_BLOCKS = YES;
				GCC_OPTIMIZATION_LEVEL = 0;
				GCC_PREPROCESSOR_DEFINITIONS = (
					"DEBUG=1",
					"$(inherited)",
				);
				GCC_WARN_64_TO_32_BIT_CONVERSION = YES;
				GCC_WARN_ABOUT_RETURN_TYPE = YES_ERROR;
				GCC_WARN_UNDECLARED_SELECTOR = YES;
				GCC_WARN_UNINITIALIZED_AUTOS = YES_AGGRESSIVE;
				GCC_WARN_UNUSED_FUNCTION = YES;
				GCC_WARN_UNUSED_VARIABLE = YES;
				IPHONEOS_DEPLOYMENT_TARGET = 17.2;
				LOCALIZATION_PREFERS_STRING_CATALOGS = YES;
				MTL_ENABLE_DEBUG_INFO = INCLUDE_SOURCE;
				MTL_FAST_MATH = YES;
				ONLY_ACTIVE_ARCH = YES;
				SDKROOT = iphoneos;
				SWIFT_ACTIVE_COMPILATION_CONDITIONS = "DEBUG $(inherited)";
				SWIFT_OPTIMIZATION_LEVEL = "-Onone";
			};
			name = Debug;
		};
		3D9B6E0D2B98781100C23AAD /* Release */ = {
			isa = XCBuildConfiguration;
			buildSettings = {
				ALWAYS_SEARCH_USER_PATHS = NO;
				ASSETCATALOG_COMPILER_GENERATE_SWIFT_ASSET_SYMBOL_EXTENSIONS = YES;
				CLANG_ANALYZER_NONNULL = YES;
				CLANG_ANALYZER_NUMBER_OBJECT_CONVERSION = YES_AGGRESSIVE;
				CLANG_CXX_LANGUAGE_STANDARD = "gnu++20";
				CLANG_ENABLE_MODULES = YES;
				CLANG_ENABLE_OBJC_ARC = YES;
				CLANG_ENABLE_OBJC_WEAK = YES;
				CLANG_WARN_BLOCK_CAPTURE_AUTORELEASING = YES;
				CLANG_WARN_BOOL_CONVERSION = YES;
				CLANG_WARN_COMMA = YES;
				CLANG_WARN_CONSTANT_CONVERSION = YES;
				CLANG_WARN_DEPRECATED_OBJC_IMPLEMENTATIONS = YES;
				CLANG_WARN_DIRECT_OBJC_ISA_USAGE = YES_ERROR;
				CLANG_WARN_DOCUMENTATION_COMMENTS = YES;
				CLANG_WARN_EMPTY_BODY = YES;
				CLANG_WARN_ENUM_CONVERSION = YES;
				CLANG_WARN_INFINITE_RECURSION = YES;
				CLANG_WARN_INT_CONVERSION = YES;
				CLANG_WARN_NON_LITERAL_NULL_CONVERSION = YES;
				CLANG_WARN_OBJC_IMPLICIT_RETAIN_SELF = YES;
				CLANG_WARN_OBJC_LITERAL_CONVERSION = YES;
				CLANG_WARN_OBJC_ROOT_CLASS = YES_ERROR;
				CLANG_WARN_QUOTED_INCLUDE_IN_FRAMEWORK_HEADER = YES;
				CLANG_WARN_RANGE_LOOP_ANALYSIS = YES;
				CLANG_WARN_STRICT_PROTOTYPES = YES;
				CLANG_WARN_SUSPICIOUS_MOVE = YES;
				CLANG_WARN_UNGUARDED_AVAILABILITY = YES_AGGRESSIVE;
				CLANG_WARN_UNREACHABLE_CODE = YES;
				CLANG_WARN__DUPLICATE_METHOD_MATCH = YES;
				COPY_PHASE_STRIP = NO;
				DEBUG_INFORMATION_FORMAT = "dwarf-with-dsym";
				ENABLE_NS_ASSERTIONS = NO;
				ENABLE_STRICT_OBJC_MSGSEND = YES;
				ENABLE_USER_SCRIPT_SANDBOXING = YES;
				GCC_C_LANGUAGE_STANDARD = gnu17;
				GCC_NO_COMMON_BLOCKS = YES;
				GCC_WARN_64_TO_32_BIT_CONVERSION = YES;
				GCC_WARN_ABOUT_RETURN_TYPE = YES_ERROR;
				GCC_WARN_UNDECLARED_SELECTOR = YES;
				GCC_WARN_UNINITIALIZED_AUTOS = YES_AGGRESSIVE;
				GCC_WARN_UNUSED_FUNCTION = YES;
				GCC_WARN_UNUSED_VARIABLE = YES;
				IPHONEOS_DEPLOYMENT_TARGET = 17.2;
				LOCALIZATION_PREFERS_STRING_CATALOGS = YES;
				MTL_ENABLE_DEBUG_INFO = NO;
				MTL_FAST_MATH = YES;
				SDKROOT = iphoneos;
				SWIFT_COMPILATION_MODE = wholemodule;
				VALIDATE_PRODUCT = YES;
			};
			name = Release;
		};
		3D9B6E0F2B98781100C23AAD /* Debug */ = {
			isa = XCBuildConfiguration;
			buildSettings = {
				ASSETCATALOG_COMPILER_APPICON_NAME = AppIcon;
				ASSETCATALOG_COMPILER_GLOBAL_ACCENT_COLOR_NAME = AccentColor;
				CODE_SIGN_STYLE = Automatic;
				CURRENT_PROJECT_VERSION = 1;
				GENERATE_INFOPLIST_FILE = YES;
				INFOPLIST_FILE = Dummy/Info.plist;
				INFOPLIST_KEY_UIApplicationSupportsIndirectInputEvents = YES;
				INFOPLIST_KEY_UILaunchStoryboardName = LaunchScreen;
				INFOPLIST_KEY_UIMainStoryboardFile = Main;
				INFOPLIST_KEY_UISupportedInterfaceOrientations_iPad = "UIInterfaceOrientationPortrait UIInterfaceOrientationPortraitUpsideDown UIInterfaceOrientationLandscapeLeft UIInterfaceOrientationLandscapeRight";
				INFOPLIST_KEY_UISupportedInterfaceOrientations_iPhone = "UIInterfaceOrientationPortrait UIInterfaceOrientationLandscapeLeft UIInterfaceOrientationLandscapeRight";
				LD_RUNPATH_SEARCH_PATHS = (
					"$(inherited)",
					"@executable_path/Frameworks",
				);
				MARKETING_VERSION = 1.0;
				PRODUCT_BUNDLE_IDENTIFIER = com.pushpull.Dummy;
				PRODUCT_NAME = "$(TARGET_NAME)";
				SWIFT_EMIT_LOC_STRINGS = YES;
				SWIFT_VERSION = 5.0;
				TARGETED_DEVICE_FAMILY = "1,2";
			};
			name = Debug;
		};
		3D9B6E102B98781100C23AAD /* Release */ = {
			isa = XCBuildConfiguration;
			buildSettings = {
				ASSETCATALOG_COMPILER_APPICON_NAME = AppIcon;
				ASSETCATALOG_COMPILER_GLOBAL_ACCENT_COLOR_NAME = AccentColor;
				CODE_SIGN_STYLE = Automatic;
				CURRENT_PROJECT_VERSION = 1;
				GENERATE_INFOPLIST_FILE = YES;
				INFOPLIST_FILE = Dummy/Info.plist;
				INFOPLIST_KEY_UIApplicationSupportsIndirectInputEvents = YES;
				INFOPLIST_KEY_UILaunchStoryboardName = LaunchScreen;
				INFOPLIST_KEY_UIMainStoryboardFile = Main;
				INFOPLIST_KEY_UISupportedInterfaceOrientations_iPad = "UIInterfaceOrientationPortrait UIInterfaceOrientationPortraitUpsideDown UIInterfaceOrientationLandscapeLeft UIInterfaceOrientationLandscapeRight";
				INFOPLIST_KEY_UISupportedInterfaceOrientations_iPhone = "UIInterfaceOrientationPortrait UIInterfaceOrientationLandscapeLeft UIInterfaceOrientationLandscapeRight";
				LD_RUNPATH_SEARCH_PATHS = (
					"$(inherited)",
					"@executable_path/Frameworks",
				);
				MARKETING_VERSION = 1.0;
				PRODUCT_BUNDLE_IDENTIFIER = com.pushpull.Dummy;
				PRODUCT_NAME = "$(TARGET_NAME)";
				SWIFT_EMIT_LOC_STRINGS = YES;
				SWIFT_VERSION = 5.0;
				TARGETED_DEVICE_FAMILY = "1,2";
			};
			name = Release;
		};
/* End XCBuildConfiguration section */

/* Begin XCConfigurationList section */
		3D9B6DF52B98780D00C23AAD /* Build configuration list for PBXProject "Dummy" */ = {
			isa = XCConfigurationList;
			buildConfigurations = (
				3D9B6E0C2B98781100C23AAD /* Debug */,
				3D9B6E0D2B98781100C23AAD /* Release */,
			);
			defaultConfigurationIsVisible = 0;
			defaultConfigurationName = Release;
		};
		3D9B6E0E2B98781100C23AAD /* Build configuration list for PBXNativeTarget "Dummy" */ = {
			isa = XCConfigurationList;
			buildConfigurations = (
				3D9B6E0F2B98781100C23AAD /* Debug */,
				3D9B6E102B98781100C23AAD /* Release */,
			);
			defaultConfigurationIsVisible = 0;
			defaultConfigurationName = Release;
		};
/* End XCConfigurationList section */
	};
	rootObject = 3D9B6DF22B98780D00C23AAD /* Project object */;
}
